
Microsoft Visual Studio Solution File, Format Version 12.00
# Visual Studio Version 16
VisualStudioVersion = 16.0.30804.86
MinimumVisualStudioVersion = 10.0.40219.1
Project("{FAE04EC0-301F-11D3-BF4B-00C04F79EFBC}") = "project euler multiples of 3,5.cs", "project euler multiples of 3,5.cs\project euler multiples of 3,5.cs.csproj", "{A090610E-5A2B-4FF5-9CDE-FBC402956561}"
EndProject
Global
	GlobalSection(SolutionConfigurationPlatforms) = preSolution
		Debug|Any CPU = Debug|Any CPU
		Release|Any CPU = Release|Any CPU
	EndGlobalSection
	GlobalSection(ProjectConfigurationPlatforms) = postSolution
		{A090610E-5A2B-4FF5-9CDE-FBC402956561}.Debug|Any CPU.ActiveCfg = Debug|Any CPU
		{A090610E-5A2B-4FF5-9CDE-FBC402956561}.Debug|Any CPU.Build.0 = Debug|Any CPU
		{A090610E-5A2B-4FF5-9CDE-FBC402956561}.Release|Any CPU.ActiveCfg = Release|Any CPU
		{A090610E-5A2B-4FF5-9CDE-FBC402956561}.Release|Any CPU.Build.0 = Release|Any CPU
	EndGlobalSection
	GlobalSection(SolutionProperties) = preSolution
		HideSolutionNode = FALSE
	EndGlobalSection
	GlobalSection(ExtensibilityGlobals) = postSolution
		SolutionGuid = {E1733999-6998-4944-B240-E05F7219AEB1}
	EndGlobalSection
EndGlobal
